
Microsoft Visual Studio Solution File, Format Version 12.00
# Visual Studio 14
VisualStudioVersion = 14.0.25123.0
MinimumVisualStudioVersion = 10.0.40219.1
Project("{FAE04EC0-301F-11D3-BF4B-00C04F79EFBC}") = "Twitter.BLL", "Twitter.BLL\Twitter.BLL.csproj", "{7AAF3F6E-CB1E-45B3-B970-B42106D1E301}"
EndProject
Project("{FAE04EC0-301F-11D3-BF4B-00C04F79EFBC}") = "TN.BLL", "TN.BLL\TN.BLL.csproj", "{E14B940D-67C0-4671-A26D-1006231B8535}"
EndProject
Project("{FAE04EC0-301F-11D3-BF4B-00C04F79EFBC}") = "TN.DAL", "TN.DAL\TN.DAL.csproj", "{D423C009-21BA-49F0-B124-BB156E967810}"
EndProject
Project("{FAE04EC0-301F-11D3-BF4B-00C04F79EFBC}") = "TN.Models", "TN.Models\TN.Models.csproj", "{D38D551A-3B4E-4444-8B58-A90D25C20150}"
EndProject
Project("{FAE04EC0-301F-11D3-BF4B-00C04F79EFBC}") = "TN.Web", "TN.Web\TN.Web.csproj", "{E3B521B1-E5F9-43B3-B4CC-8ECFAC48E996}"
EndProject
Project("{FAE04EC0-301F-11D3-BF4B-00C04F79EFBC}") = "TN.Tests", "Tests\TN.Tests.csproj", "{B0684CC3-1DEE-427B-B1CC-F5CAE9210E82}"
EndProject
Project("{FAE04EC0-301F-11D3-BF4B-00C04F79EFBC}") = "SqlScripts", "SqlScripts\SqlScripts.csproj", "{58A56ECC-96F5-4FCE-9234-CDFAF61FA068}"
EndProject
Global
	GlobalSection(SolutionConfigurationPlatforms) = preSolution
		Debug|Any CPU = Debug|Any CPU
		Release|Any CPU = Release|Any CPU
	EndGlobalSection
	GlobalSection(ProjectConfigurationPlatforms) = postSolution
		{7AAF3F6E-CB1E-45B3-B970-B42106D1E301}.Debug|Any CPU.ActiveCfg = Debug|Any CPU
		{7AAF3F6E-CB1E-45B3-B970-B42106D1E301}.Debug|Any CPU.Build.0 = Debug|Any CPU
		{7AAF3F6E-CB1E-45B3-B970-B42106D1E301}.Release|Any CPU.ActiveCfg = Release|Any CPU
		{7AAF3F6E-CB1E-45B3-B970-B42106D1E301}.Release|Any CPU.Build.0 = Release|Any CPU
		{E14B940D-67C0-4671-A26D-1006231B8535}.Debug|Any CPU.ActiveCfg = Debug|Any CPU
		{E14B940D-67C0-4671-A26D-1006231B8535}.Debug|Any CPU.Build.0 = Debug|Any CPU
		{E14B940D-67C0-4671-A26D-1006231B8535}.Release|Any CPU.ActiveCfg = Release|Any CPU
		{E14B940D-67C0-4671-A26D-1006231B8535}.Release|Any CPU.Build.0 = Release|Any CPU
		{D423C009-21BA-49F0-B124-BB156E967810}.Debug|Any CPU.ActiveCfg = Debug|Any CPU
		{D423C009-21BA-49F0-B124-BB156E967810}.Debug|Any CPU.Build.0 = Debug|Any CPU
		{D423C009-21BA-49F0-B124-BB156E967810}.Release|Any CPU.ActiveCfg = Release|Any CPU
		{D423C009-21BA-49F0-B124-BB156E967810}.Release|Any CPU.Build.0 = Release|Any CPU
		{D38D551A-3B4E-4444-8B58-A90D25C20150}.Debug|Any CPU.ActiveCfg = Debug|Any CPU
		{D38D551A-3B4E-4444-8B58-A90D25C20150}.Debug|Any CPU.Build.0 = Debug|Any CPU
		{D38D551A-3B4E-4444-8B58-A90D25C20150}.Release|Any CPU.ActiveCfg = Release|Any CPU
		{D38D551A-3B4E-4444-8B58-A90D25C20150}.Release|Any CPU.Build.0 = Release|Any CPU
		{E3B521B1-E5F9-43B3-B4CC-8ECFAC48E996}.Debug|Any CPU.ActiveCfg = Debug|Any CPU
		{E3B521B1-E5F9-43B3-B4CC-8ECFAC48E996}.Debug|Any CPU.Build.0 = Debug|Any CPU
		{E3B521B1-E5F9-43B3-B4CC-8ECFAC48E996}.Release|Any CPU.ActiveCfg = Release|Any CPU
		{E3B521B1-E5F9-43B3-B4CC-8ECFAC48E996}.Release|Any CPU.Build.0 = Release|Any CPU
		{B0684CC3-1DEE-427B-B1CC-F5CAE9210E82}.Debug|Any CPU.ActiveCfg = Debug|Any CPU
		{B0684CC3-1DEE-427B-B1CC-F5CAE9210E82}.Debug|Any CPU.Build.0 = Debug|Any CPU
		{B0684CC3-1DEE-427B-B1CC-F5CAE9210E82}.Release|Any CPU.ActiveCfg = Release|Any CPU
		{B0684CC3-1DEE-427B-B1CC-F5CAE9210E82}.Release|Any CPU.Build.0 = Release|Any CPU
		{58A56ECC-96F5-4FCE-9234-CDFAF61FA068}.Debug|Any CPU.ActiveCfg = Debug|Any CPU
		{58A56ECC-96F5-4FCE-9234-CDFAF61FA068}.Debug|Any CPU.Build.0 = Debug|Any CPU
		{58A56ECC-96F5-4FCE-9234-CDFAF61FA068}.Release|Any CPU.ActiveCfg = Release|Any CPU
		{58A56ECC-96F5-4FCE-9234-CDFAF61FA068}.Release|Any CPU.Build.0 = Release|Any CPU
	EndGlobalSection
	GlobalSection(SolutionProperties) = preSolution
		HideSolutionNode = FALSE
	EndGlobalSection
EndGlobal
